
Microsoft Visual Studio Solution File, Format Version 12.00
Project("{FAE04EC0-301F-11D3-BF4B-00C04F79EFBC}") = "WebAppStory", "WebAppStory\WebAppStory.csproj", "{599F52A1-155C-4528-96B6-71BE5FDABCF6}"
EndProject
Project("{FAE04EC0-301F-11D3-BF4B-00C04F79EFBC}") = "WebApplication.Entities", "WebApplication.Entities\WebApplication.Entities.csproj", "{6B6BC68E-93CD-478B-9F0A-903302C6895B}"
EndProject
Project("{FAE04EC0-301F-11D3-BF4B-00C04F79EFBC}") = "WebApplication.Client", "WebApplication.Client\WebApplication.Client.csproj", "{EA840C80-3FE1-429C-8DA1-EDEBA277530A}"
EndProject
Global
	GlobalSection(SolutionConfigurationPlatforms) = preSolution
		Debug|Any CPU = Debug|Any CPU
		Release|Any CPU = Release|Any CPU
	EndGlobalSection
	GlobalSection(ProjectConfigurationPlatforms) = postSolution
		{599F52A1-155C-4528-96B6-71BE5FDABCF6}.Debug|Any CPU.ActiveCfg = Debug|Any CPU
		{599F52A1-155C-4528-96B6-71BE5FDABCF6}.Debug|Any CPU.Build.0 = Debug|Any CPU
		{599F52A1-155C-4528-96B6-71BE5FDABCF6}.Release|Any CPU.ActiveCfg = Release|Any CPU
		{599F52A1-155C-4528-96B6-71BE5FDABCF6}.Release|Any CPU.Build.0 = Release|Any CPU
		{6B6BC68E-93CD-478B-9F0A-903302C6895B}.Debug|Any CPU.ActiveCfg = Debug|Any CPU
		{6B6BC68E-93CD-478B-9F0A-903302C6895B}.Debug|Any CPU.Build.0 = Debug|Any CPU
		{6B6BC68E-93CD-478B-9F0A-903302C6895B}.Release|Any CPU.ActiveCfg = Release|Any CPU
		{6B6BC68E-93CD-478B-9F0A-903302C6895B}.Release|Any CPU.Build.0 = Release|Any CPU
		{EA840C80-3FE1-429C-8DA1-EDEBA277530A}.Debug|Any CPU.ActiveCfg = Debug|Any CPU
		{EA840C80-3FE1-429C-8DA1-EDEBA277530A}.Debug|Any CPU.Build.0 = Debug|Any CPU
		{EA840C80-3FE1-429C-8DA1-EDEBA277530A}.Release|Any CPU.ActiveCfg = Release|Any CPU
		{EA840C80-3FE1-429C-8DA1-EDEBA277530A}.Release|Any CPU.Build.0 = Release|Any CPU
	EndGlobalSection
EndGlobal
